# THIS IS AN AUTOGENERATED FILE. DO NOT EDIT THIS FILE DIRECTLY.
# yarn lockfile v1


full-icu@^1.3.1:
  version "1.3.1"
  resolved "https://registry.yarnpkg.com/full-icu/-/full-icu-1.3.1.tgz#e67fdf58523f1d1e0d9143b1542fe2024c1c8997"
  integrity sha512-VMtK//85QJomhk3cXOCksNwOYaw1KWnYTS37GYGgyf7A3ajdBoPGhaJuJWAH2S2kq8GZeXkdKn+3Mfmgy11cVw==
